
Microsoft Visual Studio Solution File, Format Version 12.00
# Visual Studio Version 17
VisualStudioVersion = 17.3.32922.545
MinimumVisualStudioVersion = 10.0.40219.1
Project("{FAE04EC0-301F-11D3-BF4B-00C04F79EFBC}") = "App_Project_Management", "App_Project_Management\App_Project_Management.csproj", "{891900AC-C097-4D70-B683-2A8D215745DB}"
EndProject
Global
	GlobalSection(SolutionConfigurationPlatforms) = preSolution
		Debug|Any CPU = Debug|Any CPU
		Release|Any CPU = Release|Any CPU
	EndGlobalSection
	GlobalSection(ProjectConfigurationPlatforms) = postSolution
		{891900AC-C097-4D70-B683-2A8D215745DB}.Debug|Any CPU.ActiveCfg = Debug|Any CPU
		{891900AC-C097-4D70-B683-2A8D215745DB}.Debug|Any CPU.Build.0 = Debug|Any CPU
		{891900AC-C097-4D70-B683-2A8D215745DB}.Release|Any CPU.ActiveCfg = Release|Any CPU
		{891900AC-C097-4D70-B683-2A8D215745DB}.Release|Any CPU.Build.0 = Release|Any CPU
	EndGlobalSection
	GlobalSection(SolutionProperties) = preSolution
		HideSolutionNode = FALSE
	EndGlobalSection
	GlobalSection(ExtensibilityGlobals) = postSolution
		SolutionGuid = {BB5C64A8-B65D-4F5A-99A0-F0A5E99C7A29}
	EndGlobalSection
EndGlobal
